
Microsoft Visual Studio Solution File, Format Version 12.00
# Visual Studio Version 16
VisualStudioVersion = 16.0.30717.126
MinimumVisualStudioVersion = 10.0.40219.1
Project("{FAE04EC0-301F-11D3-BF4B-00C04F79EFBC}") = "CSRFDemo", "CSRFDemo\CSRFDemo.csproj", "{DEC5261E-067B-48BA-A1ED-5DE6473E9242}"
EndProject
Global
	GlobalSection(SolutionConfigurationPlatforms) = preSolution
		Debug|Any CPU = Debug|Any CPU
		Release|Any CPU = Release|Any CPU
	EndGlobalSection
	GlobalSection(ProjectConfigurationPlatforms) = postSolution
		{DEC5261E-067B-48BA-A1ED-5DE6473E9242}.Debug|Any CPU.ActiveCfg = Debug|Any CPU
		{DEC5261E-067B-48BA-A1ED-5DE6473E9242}.Debug|Any CPU.Build.0 = Debug|Any CPU
		{DEC5261E-067B-48BA-A1ED-5DE6473E9242}.Release|Any CPU.ActiveCfg = Release|Any CPU
		{DEC5261E-067B-48BA-A1ED-5DE6473E9242}.Release|Any CPU.Build.0 = Release|Any CPU
	EndGlobalSection
	GlobalSection(SolutionProperties) = preSolution
		HideSolutionNode = FALSE
	EndGlobalSection
	GlobalSection(ExtensibilityGlobals) = postSolution
		SolutionGuid = {A2D91F08-61C0-434E-B34F-F0B14B486370}
	EndGlobalSection
EndGlobal
